
Microsoft Visual Studio Solution File, Format Version 12.00
# Visual Studio Version 17
VisualStudioVersion = 17.0.31903.59
MinimumVisualStudioVersion = 10.0.40219.1
Project("{FAE04EC0-301F-11D3-BF4B-00C04F79EFBC}") = "lproject.API", "lproject.API\lproject.API.csproj", "{787FF2AD-A7E3-4495-B10C-D071BC34420E}"
EndProject
Project("{2150E333-8FDC-42A3-9474-1A3956D46DE8}") = "Solution Items", "Solution Items", "{02EA681E-C7D8-13C7-8484-4AC65E1B71E8}"
	ProjectSection(SolutionItems) = preProject
		.editorconfig = .editorconfig
		docker-compose.yaml = docker-compose.yaml
		docker-compose.override.yaml = docker-compose.override.yaml
	EndProjectSection
EndProject
Project("{FAE04EC0-301F-11D3-BF4B-00C04F79EFBC}") = "lproject.HealthChecks", "lproject.HealthChecks\lproject.HealthChecks.csproj", "{DC712119-D173-40BA-829D-78AC0DE20D49}"
EndProject
Project("{2150E333-8FDC-42A3-9474-1A3956D46DE8}") = "dotnet", "dotnet", "{69B4DAD8-AC4D-4828-A4A4-53C86DAF8D45}"
EndProject
Project("{FAE04EC0-301F-11D3-BF4B-00C04F79EFBC}") = "lproject.EFCore", "lproject.EFCore\lproject.EFCore.csproj", "{7497B8B9-41EB-4B42-AEE1-FE09A2C63989}"
EndProject
Project("{2150E333-8FDC-42A3-9474-1A3956D46DE8}") = "EfCore_sql_data", "EfCore_sql_data", "{FA04842F-1396-48E5-BB6D-1CF897679758}"
EndProject
Project("{FAE04EC0-301F-11D3-BF4B-00C04F79EFBC}") = "lproject.HostConfiguration", "lproject.HostConfiguration\lproject.HostConfiguration.csproj", "{2A95E67E-730A-49CE-ACB1-F5BE8623ACBF}"
EndProject
Project("{FAE04EC0-301F-11D3-BF4B-00C04F79EFBC}") = "lproject.Concurrency", "lproject.Concurrency\lproject.Concurrency.csproj", "{3A865944-D355-40CF-AF55-7FBA4AB560D2}"
EndProject
Project("{2150E333-8FDC-42A3-9474-1A3956D46DE8}") = "design-pattern", "design-pattern", "{8A491E6E-7A6B-4166-AEC0-94C183284516}"
	ProjectSection(SolutionItems) = preProject
		design-patterns\README.md = design-patterns\README.md
	EndProjectSection
EndProject
Project("{2150E333-8FDC-42A3-9474-1A3956D46DE8}") = "asserts", "asserts", "{453C53B9-FDF0-4105-9AAC-13714C8741AF}"
	ProjectSection(SolutionItems) = preProject
		asserts\abstract-class.webp = asserts\abstract-class.webp
		asserts\class.webp = asserts\class.webp
		asserts\interface.webp = asserts\interface.webp
		asserts\ki-hieu-uml.webp = asserts\ki-hieu-uml.webp
		asserts\.DS_Store = asserts\.DS_Store
		asserts\structure-mediator.png = asserts\structure-mediator.png
	EndProjectSection
EndProject
Project("{FAE04EC0-301F-11D3-BF4B-00C04F79EFBC}") = "lproject.Mediator", "design-patterns\lproject.Mediator\lproject.Mediator.csproj", "{051C565B-CBA6-4F4D-9A6C-FF57B4FE65B2}"
EndProject
Global
	GlobalSection(SolutionConfigurationPlatforms) = preSolution
		Debug|Any CPU = Debug|Any CPU
		Release|Any CPU = Release|Any CPU
	EndGlobalSection
	GlobalSection(ProjectConfigurationPlatforms) = postSolution
		{787FF2AD-A7E3-4495-B10C-D071BC34420E}.Debug|Any CPU.ActiveCfg = Debug|Any CPU
		{787FF2AD-A7E3-4495-B10C-D071BC34420E}.Debug|Any CPU.Build.0 = Debug|Any CPU
		{787FF2AD-A7E3-4495-B10C-D071BC34420E}.Release|Any CPU.ActiveCfg = Release|Any CPU
		{787FF2AD-A7E3-4495-B10C-D071BC34420E}.Release|Any CPU.Build.0 = Release|Any CPU
		{DC712119-D173-40BA-829D-78AC0DE20D49}.Debug|Any CPU.ActiveCfg = Debug|Any CPU
		{DC712119-D173-40BA-829D-78AC0DE20D49}.Debug|Any CPU.Build.0 = Debug|Any CPU
		{DC712119-D173-40BA-829D-78AC0DE20D49}.Release|Any CPU.ActiveCfg = Release|Any CPU
		{DC712119-D173-40BA-829D-78AC0DE20D49}.Release|Any CPU.Build.0 = Release|Any CPU
		{7497B8B9-41EB-4B42-AEE1-FE09A2C63989}.Debug|Any CPU.ActiveCfg = Debug|Any CPU
		{7497B8B9-41EB-4B42-AEE1-FE09A2C63989}.Debug|Any CPU.Build.0 = Debug|Any CPU
		{7497B8B9-41EB-4B42-AEE1-FE09A2C63989}.Release|Any CPU.ActiveCfg = Release|Any CPU
		{7497B8B9-41EB-4B42-AEE1-FE09A2C63989}.Release|Any CPU.Build.0 = Release|Any CPU
		{2A95E67E-730A-49CE-ACB1-F5BE8623ACBF}.Debug|Any CPU.ActiveCfg = Debug|Any CPU
		{2A95E67E-730A-49CE-ACB1-F5BE8623ACBF}.Debug|Any CPU.Build.0 = Debug|Any CPU
		{2A95E67E-730A-49CE-ACB1-F5BE8623ACBF}.Release|Any CPU.ActiveCfg = Release|Any CPU
		{2A95E67E-730A-49CE-ACB1-F5BE8623ACBF}.Release|Any CPU.Build.0 = Release|Any CPU
		{3A865944-D355-40CF-AF55-7FBA4AB560D2}.Debug|Any CPU.ActiveCfg = Debug|Any CPU
		{3A865944-D355-40CF-AF55-7FBA4AB560D2}.Debug|Any CPU.Build.0 = Debug|Any CPU
		{3A865944-D355-40CF-AF55-7FBA4AB560D2}.Release|Any CPU.ActiveCfg = Release|Any CPU
		{3A865944-D355-40CF-AF55-7FBA4AB560D2}.Release|Any CPU.Build.0 = Release|Any CPU
		{051C565B-CBA6-4F4D-9A6C-FF57B4FE65B2}.Debug|Any CPU.ActiveCfg = Debug|Any CPU
		{051C565B-CBA6-4F4D-9A6C-FF57B4FE65B2}.Debug|Any CPU.Build.0 = Debug|Any CPU
		{051C565B-CBA6-4F4D-9A6C-FF57B4FE65B2}.Release|Any CPU.ActiveCfg = Release|Any CPU
		{051C565B-CBA6-4F4D-9A6C-FF57B4FE65B2}.Release|Any CPU.Build.0 = Release|Any CPU
	EndGlobalSection
	GlobalSection(SolutionProperties) = preSolution
		HideSolutionNode = FALSE
	EndGlobalSection
	GlobalSection(ExtensibilityGlobals) = postSolution
		SolutionGuid = {31C68A74-8E2C-45A8-8CA4-7194FF9EFFC8}
	EndGlobalSection
	GlobalSection(NestedProjects) = preSolution
		{DC712119-D173-40BA-829D-78AC0DE20D49} = {69B4DAD8-AC4D-4828-A4A4-53C86DAF8D45}
		{7497B8B9-41EB-4B42-AEE1-FE09A2C63989} = {69B4DAD8-AC4D-4828-A4A4-53C86DAF8D45}
		{FA04842F-1396-48E5-BB6D-1CF897679758} = {02EA681E-C7D8-13C7-8484-4AC65E1B71E8}
		{2A95E67E-730A-49CE-ACB1-F5BE8623ACBF} = {69B4DAD8-AC4D-4828-A4A4-53C86DAF8D45}
		{3A865944-D355-40CF-AF55-7FBA4AB560D2} = {69B4DAD8-AC4D-4828-A4A4-53C86DAF8D45}
		{787FF2AD-A7E3-4495-B10C-D071BC34420E} = {69B4DAD8-AC4D-4828-A4A4-53C86DAF8D45}
		{453C53B9-FDF0-4105-9AAC-13714C8741AF} = {02EA681E-C7D8-13C7-8484-4AC65E1B71E8}
		{051C565B-CBA6-4F4D-9A6C-FF57B4FE65B2} = {8A491E6E-7A6B-4166-AEC0-94C183284516}
	EndGlobalSection
EndGlobal
